// !$*UTF8*$!
{
	archiveVersion = 1;
	classes = {
	};
	objectVersion = 51;
	objects = {

/* Begin PBXBuildFile section */
		2273802A6EF7CEC60DFA2E9F /* Pods_GotGam.framework in Frameworks */ = {isa = PBXBuildFile; fileRef = 62F5E6A8D63547BFE9C83CD5 /* Pods_GotGam.framework */; };
		425836B72442FE6C00EC9C76 /* Map.storyboard in Resources */ = {isa = PBXBuildFile; fileRef = 425836B62442FE6C00EC9C76 /* Map.storyboard */; };
		425836BA2442FEC300EC9C76 /* Setting.storyboard in Resources */ = {isa = PBXBuildFile; fileRef = 425836B92442FEC300EC9C76 /* Setting.storyboard */; };
		4269388024306B66007B60FD /* AppDelegate.swift in Sources */ = {isa = PBXBuildFile; fileRef = 4269387F24306B66007B60FD /* AppDelegate.swift */; };
		4269388424306B66007B60FD /* BaseViewController.swift in Sources */ = {isa = PBXBuildFile; fileRef = 4269388324306B66007B60FD /* BaseViewController.swift */; };
		4269388724306B66007B60FD /* Main.storyboard in Resources */ = {isa = PBXBuildFile; fileRef = 4269388524306B66007B60FD /* Main.storyboard */; };
		4269388924306B68007B60FD /* Assets.xcassets in Resources */ = {isa = PBXBuildFile; fileRef = 4269388824306B68007B60FD /* Assets.xcassets */; };
		4269388C24306B68007B60FD /* LaunchScreen.storyboard in Resources */ = {isa = PBXBuildFile; fileRef = 4269388A24306B68007B60FD /* LaunchScreen.storyboard */; };
		4CE037DA2438C9330093E39D /* ViewModelBindableType.swift in Sources */ = {isa = PBXBuildFile; fileRef = 4CE037D92438C9330093E39D /* ViewModelBindableType.swift */; };
		4CE037DD2438CA590093E39D /* GotStorageType.swift in Sources */ = {isa = PBXBuildFile; fileRef = 4CE037DC2438CA590093E39D /* GotStorageType.swift */; };
		4CE037DF2438CA780093E39D /* GotStorage.swift in Sources */ = {isa = PBXBuildFile; fileRef = 4CE037DE2438CA780093E39D /* GotStorage.swift */; };
		4CE037E12438CA930093E39D /* Transition.swift in Sources */ = {isa = PBXBuildFile; fileRef = 4CE037E02438CA930093E39D /* Transition.swift */; };
		4CE037E32438CAF20093E39D /* CommonViewModel.swift in Sources */ = {isa = PBXBuildFile; fileRef = 4CE037E22438CAF20093E39D /* CommonViewModel.swift */; };
		4CE037E52438CB0B0093E39D /* SceneCoordinatorType.swift in Sources */ = {isa = PBXBuildFile; fileRef = 4CE037E42438CB0B0093E39D /* SceneCoordinatorType.swift */; };
		4CE037E72438CB310093E39D /* Scene.swift in Sources */ = {isa = PBXBuildFile; fileRef = 4CE037E62438CB310093E39D /* Scene.swift */; };
		4CE037E92438CBD40093E39D /* SceneCoordinator.swift in Sources */ = {isa = PBXBuildFile; fileRef = 4CE037E82438CBD40093E39D /* SceneCoordinator.swift */; };
		4CE037EB2438CD470093E39D /* MapViewController.swift in Sources */ = {isa = PBXBuildFile; fileRef = 4CE037EA2438CD470093E39D /* MapViewController.swift */; };
		4CE037EE2438CD810093E39D /* MapViewModel.swift in Sources */ = {isa = PBXBuildFile; fileRef = 4CE037ED2438CD810093E39D /* MapViewModel.swift */; };
		4CE037F02438D6990093E39D /* Got.swift in Sources */ = {isa = PBXBuildFile; fileRef = 4CE037EF2438D6990093E39D /* Got.swift */; };
		4CF1D088243E0E6500B45751 /* DaumMap.framework in Frameworks */ = {isa = PBXBuildFile; fileRef = 4CF1D087243E0E6500B45751 /* DaumMap.framework */; };
		4CF1D08A243E0EC700B45751 /* OpenGLES.framework in Frameworks */ = {isa = PBXBuildFile; fileRef = 4CF1D089243E0EC700B45751 /* OpenGLES.framework */; };
		4CF1D08C243E0ECF00B45751 /* SystemConfiguration.framework in Frameworks */ = {isa = PBXBuildFile; fileRef = 4CF1D08B243E0ECF00B45751 /* SystemConfiguration.framework */; };
		4CF1D08E243E0ED600B45751 /* CoreLocation.framework in Frameworks */ = {isa = PBXBuildFile; fileRef = 4CF1D08D243E0ED600B45751 /* CoreLocation.framework */; };
		4CF1D090243E0EDD00B45751 /* QuartzCore.framework in Frameworks */ = {isa = PBXBuildFile; fileRef = 4CF1D08F243E0EDD00B45751 /* QuartzCore.framework */; };
		4CF1D092243E0EED00B45751 /* libc++.tbd in Frameworks */ = {isa = PBXBuildFile; fileRef = 4CF1D091243E0EE700B45751 /* libc++.tbd */; };
		4CF1D094243E0EFC00B45751 /* libxml2.tbd in Frameworks */ = {isa = PBXBuildFile; fileRef = 4CF1D093243E0EF700B45751 /* libxml2.tbd */; };
		4CF1D096243E0F0F00B45751 /* libsqlite3.tbd in Frameworks */ = {isa = PBXBuildFile; fileRef = 4CF1D095243E0F0700B45751 /* libsqlite3.tbd */; };
/* End PBXBuildFile section */

/* Begin PBXFileReference section */
		12F3319E806996FEAD031C42 /* Pods-GotGam.debug.xcconfig */ = {isa = PBXFileReference; includeInIndex = 1; lastKnownFileType = text.xcconfig; name = "Pods-GotGam.debug.xcconfig"; path = "Target Support Files/Pods-GotGam/Pods-GotGam.debug.xcconfig"; sourceTree = "<group>"; };
		425836B62442FE6C00EC9C76 /* Map.storyboard */ = {isa = PBXFileReference; lastKnownFileType = file.storyboard; path = Map.storyboard; sourceTree = "<group>"; };
		425836B92442FEC300EC9C76 /* Setting.storyboard */ = {isa = PBXFileReference; lastKnownFileType = file.storyboard; path = Setting.storyboard; sourceTree = "<group>"; };
		4269387C24306B66007B60FD /* GotGam.app */ = {isa = PBXFileReference; explicitFileType = wrapper.application; includeInIndex = 0; path = GotGam.app; sourceTree = BUILT_PRODUCTS_DIR; };
		4269387F24306B66007B60FD /* AppDelegate.swift */ = {isa = PBXFileReference; lastKnownFileType = sourcecode.swift; path = AppDelegate.swift; sourceTree = "<group>"; };
		4269388324306B66007B60FD /* BaseViewController.swift */ = {isa = PBXFileReference; lastKnownFileType = sourcecode.swift; path = BaseViewController.swift; sourceTree = "<group>"; };
		4269388624306B66007B60FD /* Base */ = {isa = PBXFileReference; lastKnownFileType = file.storyboard; name = Base; path = Base.lproj/Main.storyboard; sourceTree = "<group>"; };
		4269388824306B68007B60FD /* Assets.xcassets */ = {isa = PBXFileReference; lastKnownFileType = folder.assetcatalog; path = Assets.xcassets; sourceTree = "<group>"; };
		4269388B24306B68007B60FD /* Base */ = {isa = PBXFileReference; lastKnownFileType = file.storyboard; name = Base; path = Base.lproj/LaunchScreen.storyboard; sourceTree = "<group>"; };
		4269388D24306B68007B60FD /* Info.plist */ = {isa = PBXFileReference; lastKnownFileType = text.plist.xml; name = Info.plist; path = "GotGam/Supporting Files/Info.plist"; sourceTree = SOURCE_ROOT; };
		4CE037D92438C9330093E39D /* ViewModelBindableType.swift */ = {isa = PBXFileReference; lastKnownFileType = sourcecode.swift; path = ViewModelBindableType.swift; sourceTree = "<group>"; };
		4CE037DC2438CA590093E39D /* GotStorageType.swift */ = {isa = PBXFileReference; lastKnownFileType = sourcecode.swift; path = GotStorageType.swift; sourceTree = "<group>"; };
		4CE037DE2438CA780093E39D /* GotStorage.swift */ = {isa = PBXFileReference; lastKnownFileType = sourcecode.swift; path = GotStorage.swift; sourceTree = "<group>"; };
		4CE037E02438CA930093E39D /* Transition.swift */ = {isa = PBXFileReference; lastKnownFileType = sourcecode.swift; path = Transition.swift; sourceTree = "<group>"; };
		4CE037E22438CAF20093E39D /* CommonViewModel.swift */ = {isa = PBXFileReference; lastKnownFileType = sourcecode.swift; path = CommonViewModel.swift; sourceTree = "<group>"; };
		4CE037E42438CB0B0093E39D /* SceneCoordinatorType.swift */ = {isa = PBXFileReference; lastKnownFileType = sourcecode.swift; path = SceneCoordinatorType.swift; sourceTree = "<group>"; };
		4CE037E62438CB310093E39D /* Scene.swift */ = {isa = PBXFileReference; lastKnownFileType = sourcecode.swift; path = Scene.swift; sourceTree = "<group>"; };
		4CE037E82438CBD40093E39D /* SceneCoordinator.swift */ = {isa = PBXFileReference; lastKnownFileType = sourcecode.swift; path = SceneCoordinator.swift; sourceTree = "<group>"; };
		4CE037EA2438CD470093E39D /* MapViewController.swift */ = {isa = PBXFileReference; lastKnownFileType = sourcecode.swift; path = MapViewController.swift; sourceTree = "<group>"; };
		4CE037ED2438CD810093E39D /* MapViewModel.swift */ = {isa = PBXFileReference; lastKnownFileType = sourcecode.swift; path = MapViewModel.swift; sourceTree = "<group>"; };
		4CE037EF2438D6990093E39D /* Got.swift */ = {isa = PBXFileReference; lastKnownFileType = sourcecode.swift; path = Got.swift; sourceTree = "<group>"; };
		4CF1D087243E0E6500B45751 /* DaumMap.framework */ = {isa = PBXFileReference; lastKnownFileType = wrapper.framework; path = DaumMap.framework; sourceTree = "<group>"; };
		4CF1D089243E0EC700B45751 /* OpenGLES.framework */ = {isa = PBXFileReference; lastKnownFileType = wrapper.framework; name = OpenGLES.framework; path = System/Library/Frameworks/OpenGLES.framework; sourceTree = SDKROOT; };
		4CF1D08B243E0ECF00B45751 /* SystemConfiguration.framework */ = {isa = PBXFileReference; lastKnownFileType = wrapper.framework; name = SystemConfiguration.framework; path = System/Library/Frameworks/SystemConfiguration.framework; sourceTree = SDKROOT; };
		4CF1D08D243E0ED600B45751 /* CoreLocation.framework */ = {isa = PBXFileReference; lastKnownFileType = wrapper.framework; name = CoreLocation.framework; path = System/Library/Frameworks/CoreLocation.framework; sourceTree = SDKROOT; };
		4CF1D08F243E0EDD00B45751 /* QuartzCore.framework */ = {isa = PBXFileReference; lastKnownFileType = wrapper.framework; name = QuartzCore.framework; path = System/Library/Frameworks/QuartzCore.framework; sourceTree = SDKROOT; };
		4CF1D091243E0EE700B45751 /* libc++.tbd */ = {isa = PBXFileReference; lastKnownFileType = "sourcecode.text-based-dylib-definition"; name = "libc++.tbd"; path = "usr/lib/libc++.tbd"; sourceTree = SDKROOT; };
		4CF1D093243E0EF700B45751 /* libxml2.tbd */ = {isa = PBXFileReference; lastKnownFileType = "sourcecode.text-based-dylib-definition"; name = libxml2.tbd; path = usr/lib/libxml2.tbd; sourceTree = SDKROOT; };
		4CF1D095243E0F0700B45751 /* libsqlite3.tbd */ = {isa = PBXFileReference; lastKnownFileType = "sourcecode.text-based-dylib-definition"; name = libsqlite3.tbd; path = usr/lib/libsqlite3.tbd; sourceTree = SDKROOT; };
		4CF1D097243E0F7200B45751 /* Bridging_Header.h */ = {isa = PBXFileReference; lastKnownFileType = sourcecode.c.h; path = Bridging_Header.h; sourceTree = "<group>"; };
		62F5E6A8D63547BFE9C83CD5 /* Pods_GotGam.framework */ = {isa = PBXFileReference; explicitFileType = wrapper.framework; includeInIndex = 0; path = Pods_GotGam.framework; sourceTree = BUILT_PRODUCTS_DIR; };
		C70114836B2FC2821FD2E0CE /* Pods-GotGam.release.xcconfig */ = {isa = PBXFileReference; includeInIndex = 1; lastKnownFileType = text.xcconfig; name = "Pods-GotGam.release.xcconfig"; path = "Target Support Files/Pods-GotGam/Pods-GotGam.release.xcconfig"; sourceTree = "<group>"; };
/* End PBXFileReference section */

/* Begin PBXFrameworksBuildPhase section */
		4269387924306B66007B60FD /* Frameworks */ = {
			isa = PBXFrameworksBuildPhase;
			buildActionMask = 2147483647;
			files = (
				4CF1D088243E0E6500B45751 /* DaumMap.framework in Frameworks */,
				4CF1D092243E0EED00B45751 /* libc++.tbd in Frameworks */,
				4CF1D08E243E0ED600B45751 /* CoreLocation.framework in Frameworks */,
				4CF1D096243E0F0F00B45751 /* libsqlite3.tbd in Frameworks */,
				4CF1D090243E0EDD00B45751 /* QuartzCore.framework in Frameworks */,
				2273802A6EF7CEC60DFA2E9F /* Pods_GotGam.framework in Frameworks */,
				4CF1D094243E0EFC00B45751 /* libxml2.tbd in Frameworks */,
				4CF1D08C243E0ECF00B45751 /* SystemConfiguration.framework in Frameworks */,
				4CF1D08A243E0EC700B45751 /* OpenGLES.framework in Frameworks */,
			);
			runOnlyForDeploymentPostprocessing = 0;
		};
/* End PBXFrameworksBuildPhase section */

/* Begin PBXGroup section */
		425836B52442FE5300EC9C76 /* Map */ = {
			isa = PBXGroup;
			children = (
				425836B62442FE6C00EC9C76 /* Map.storyboard */,
			);
			path = Map;
			sourceTree = "<group>";
		};
		425836B82442FEBA00EC9C76 /* Setting */ = {
			isa = PBXGroup;
			children = (
				425836B92442FEC300EC9C76 /* Setting.storyboard */,
			);
			path = Setting;
			sourceTree = "<group>";
		};
		4269387324306B66007B60FD = {
			isa = PBXGroup;
			children = (
				4269387E24306B66007B60FD /* GotGam */,
				4269387D24306B66007B60FD /* Products */,
				DDDC8648BFA1D409CD897B12 /* Pods */,
				62AFB48D4871BAFB44D8BB0E /* Frameworks */,
			);
			sourceTree = "<group>";
		};
		4269387D24306B66007B60FD /* Products */ = {
			isa = PBXGroup;
			children = (
				4269387C24306B66007B60FD /* GotGam.app */,
			);
			name = Products;
			sourceTree = "<group>";
		};
		4269387E24306B66007B60FD /* GotGam */ = {
			isa = PBXGroup;
			children = (
				4CE037CD2438BDD10093E39D /* Resources */,
				4CE037CE2438BDD80093E39D /* Sources */,
				4CE037CF2438BDDE0093E39D /* Supporting Files */,
			);
			path = GotGam;
			sourceTree = "<group>";
		};
		4CE037CA2438BCAC0093E39D /* ViewControllers */ = {
			isa = PBXGroup;
			children = (
				4269388324306B66007B60FD /* BaseViewController.swift */,
				4CE037D92438C9330093E39D /* ViewModelBindableType.swift */,
				4CE037EA2438CD470093E39D /* MapViewController.swift */,
			);
			path = ViewControllers;
			sourceTree = "<group>";
		};
		4CE037CB2438BCB50093E39D /* Views */ = {
			isa = PBXGroup;
			children = (
			);
			path = Views;
			sourceTree = "<group>";
		};
		4CE037CC2438BCB70093E39D /* Models */ = {
			isa = PBXGroup;
			children = (
				4CE037EF2438D6990093E39D /* Got.swift */,
			);
			path = Models;
			sourceTree = "<group>";
		};
		4CE037CD2438BDD10093E39D /* Resources */ = {
			isa = PBXGroup;
			children = (
				4269388824306B68007B60FD /* Assets.xcassets */,
			);
			path = Resources;
			sourceTree = "<group>";
		};
		4CE037CE2438BDD80093E39D /* Sources */ = {
			isa = PBXGroup;
			children = (
				4CE037D32438C5640093E39D /* Scene */,
				4CE037DB2438CA3E0093E39D /* Services */,
				4CE037CC2438BCB70093E39D /* Models */,
				4CE037D22438C5550093E39D /* ViewModels */,
				4CE037CA2438BCAC0093E39D /* ViewControllers */,
				4CE037D12438C5340093E39D /* Storyboards */,
				4CE037CB2438BCB50093E39D /* Views */,
				4269387F24306B66007B60FD /* AppDelegate.swift */,
			);
			path = Sources;
			sourceTree = "<group>";
		};
		4CE037CF2438BDDE0093E39D /* Supporting Files */ = {
			isa = PBXGroup;
			children = (
				4CF1D087243E0E6500B45751 /* DaumMap.framework */,
				4269388D24306B68007B60FD /* Info.plist */,
				4CF1D097243E0F7200B45751 /* Bridging_Header.h */,
			);
			path = "Supporting Files";
			sourceTree = "<group>";
		};
		4CE037D12438C5340093E39D /* Storyboards */ = {
			isa = PBXGroup;
			children = (
				425836B82442FEBA00EC9C76 /* Setting */,
				425836B52442FE5300EC9C76 /* Map */,
				4269388524306B66007B60FD /* Main.storyboard */,
				4269388A24306B68007B60FD /* LaunchScreen.storyboard */,
			);
			path = Storyboards;
			sourceTree = "<group>";
		};
		4CE037D22438C5550093E39D /* ViewModels */ = {
			isa = PBXGroup;
			children = (
				4CE037E22438CAF20093E39D /* CommonViewModel.swift */,
				4CE037ED2438CD810093E39D /* MapViewModel.swift */,
			);
			path = ViewModels;
			sourceTree = "<group>";
		};
		4CE037D32438C5640093E39D /* Scene */ = {
			isa = PBXGroup;
			children = (
				4CE037E02438CA930093E39D /* Transition.swift */,
				4CE037E62438CB310093E39D /* Scene.swift */,
				4CE037E42438CB0B0093E39D /* SceneCoordinatorType.swift */,
				4CE037E82438CBD40093E39D /* SceneCoordinator.swift */,
			);
			path = Scene;
			sourceTree = "<group>";
		};
		4CE037DB2438CA3E0093E39D /* Services */ = {
			isa = PBXGroup;
			children = (
				4CE037DC2438CA590093E39D /* GotStorageType.swift */,
				4CE037DE2438CA780093E39D /* GotStorage.swift */,
			);
			path = Services;
			sourceTree = "<group>";
		};
		62AFB48D4871BAFB44D8BB0E /* Frameworks */ = {
			isa = PBXGroup;
			children = (
				4CF1D095243E0F0700B45751 /* libsqlite3.tbd */,
				4CF1D093243E0EF700B45751 /* libxml2.tbd */,
				4CF1D091243E0EE700B45751 /* libc++.tbd */,
				4CF1D08F243E0EDD00B45751 /* QuartzCore.framework */,
				4CF1D08D243E0ED600B45751 /* CoreLocation.framework */,
				4CF1D08B243E0ECF00B45751 /* SystemConfiguration.framework */,
				4CF1D089243E0EC700B45751 /* OpenGLES.framework */,
				62F5E6A8D63547BFE9C83CD5 /* Pods_GotGam.framework */,
			);
			name = Frameworks;
			sourceTree = "<group>";
		};
		DDDC8648BFA1D409CD897B12 /* Pods */ = {
			isa = PBXGroup;
			children = (
				12F3319E806996FEAD031C42 /* Pods-GotGam.debug.xcconfig */,
				C70114836B2FC2821FD2E0CE /* Pods-GotGam.release.xcconfig */,
			);
			path = Pods;
			sourceTree = "<group>";
		};
/* End PBXGroup section */

/* Begin PBXNativeTarget section */
		4269387B24306B66007B60FD /* GotGam */ = {
			isa = PBXNativeTarget;
			buildConfigurationList = 4269389024306B68007B60FD /* Build configuration list for PBXNativeTarget "GotGam" */;
			buildPhases = (
				EB9BED60E9527C932239ABC4 /* [CP] Check Pods Manifest.lock */,
				4269387824306B66007B60FD /* Sources */,
				4269387924306B66007B60FD /* Frameworks */,
				4269387A24306B66007B60FD /* Resources */,
				2AB90A935FAB23479487F0D3 /* [CP] Embed Pods Frameworks */,
			);
			buildRules = (
			);
			dependencies = (
			);
			name = GotGam;
			productName = GotGam;
			productReference = 4269387C24306B66007B60FD /* GotGam.app */;
			productType = "com.apple.product-type.application";
		};
/* End PBXNativeTarget section */

/* Begin PBXProject section */
		4269387424306B66007B60FD /* Project object */ = {
			isa = PBXProject;
			attributes = {
				LastSwiftUpdateCheck = 1140;
				LastUpgradeCheck = 1140;
				ORGANIZATIONNAME = "손병근";
				TargetAttributes = {
					4269387B24306B66007B60FD = {
						CreatedOnToolsVersion = 11.4;
					};
				};
			};
			buildConfigurationList = 4269387724306B66007B60FD /* Build configuration list for PBXProject "GotGam" */;
			compatibilityVersion = "Xcode 9.3";
			developmentRegion = en;
			hasScannedForEncodings = 0;
			knownRegions = (
				en,
				Base,
			);
			mainGroup = 4269387324306B66007B60FD;
			productRefGroup = 4269387D24306B66007B60FD /* Products */;
			projectDirPath = "";
			projectRoot = "";
			targets = (
				4269387B24306B66007B60FD /* GotGam */,
			);
		};
/* End PBXProject section */

/* Begin PBXResourcesBuildPhase section */
		4269387A24306B66007B60FD /* Resources */ = {
			isa = PBXResourcesBuildPhase;
			buildActionMask = 2147483647;
			files = (
				4269388C24306B68007B60FD /* LaunchScreen.storyboard in Resources */,
				4269388924306B68007B60FD /* Assets.xcassets in Resources */,
				425836BA2442FEC300EC9C76 /* Setting.storyboard in Resources */,
				4269388724306B66007B60FD /* Main.storyboard in Resources */,
				425836B72442FE6C00EC9C76 /* Map.storyboard in Resources */,
			);
			runOnlyForDeploymentPostprocessing = 0;
		};
/* End PBXResourcesBuildPhase section */

/* Begin PBXShellScriptBuildPhase section */
		2AB90A935FAB23479487F0D3 /* [CP] Embed Pods Frameworks */ = {
			isa = PBXShellScriptBuildPhase;
			buildActionMask = 2147483647;
			files = (
			);
			inputFileListPaths = (
				"${PODS_ROOT}/Target Support Files/Pods-GotGam/Pods-GotGam-frameworks-${CONFIGURATION}-input-files.xcfilelist",
			);
			name = "[CP] Embed Pods Frameworks";
			outputFileListPaths = (
				"${PODS_ROOT}/Target Support Files/Pods-GotGam/Pods-GotGam-frameworks-${CONFIGURATION}-output-files.xcfilelist",
			);
			runOnlyForDeploymentPostprocessing = 0;
			shellPath = /bin/sh;
			shellScript = "\"${PODS_ROOT}/Target Support Files/Pods-GotGam/Pods-GotGam-frameworks.sh\"\n";
			showEnvVarsInLog = 0;
		};
		EB9BED60E9527C932239ABC4 /* [CP] Check Pods Manifest.lock */ = {
			isa = PBXShellScriptBuildPhase;
			buildActionMask = 2147483647;
			files = (
			);
			inputFileListPaths = (
			);
			inputPaths = (
				"${PODS_PODFILE_DIR_PATH}/Podfile.lock",
				"${PODS_ROOT}/Manifest.lock",
			);
			name = "[CP] Check Pods Manifest.lock";
			outputFileListPaths = (
			);
			outputPaths = (
				"$(DERIVED_FILE_DIR)/Pods-GotGam-checkManifestLockResult.txt",
			);
			runOnlyForDeploymentPostprocessing = 0;
			shellPath = /bin/sh;
			shellScript = "diff \"${PODS_PODFILE_DIR_PATH}/Podfile.lock\" \"${PODS_ROOT}/Manifest.lock\" > /dev/null\nif [ $? != 0 ] ; then\n    # print error to STDERR\n    echo \"error: The sandbox is not in sync with the Podfile.lock. Run 'pod install' or update your CocoaPods installation.\" >&2\n    exit 1\nfi\n# This output is used by Xcode 'outputs' to avoid re-running this script phase.\necho \"SUCCESS\" > \"${SCRIPT_OUTPUT_FILE_0}\"\n";
			showEnvVarsInLog = 0;
		};
/* End PBXShellScriptBuildPhase section */

/* Begin PBXSourcesBuildPhase section */
		4269387824306B66007B60FD /* Sources */ = {
			isa = PBXSourcesBuildPhase;
			buildActionMask = 2147483647;
			files = (
				4CE037EB2438CD470093E39D /* MapViewController.swift in Sources */,
				4CE037E12438CA930093E39D /* Transition.swift in Sources */,
				4CE037F02438D6990093E39D /* Got.swift in Sources */,
				4CE037E92438CBD40093E39D /* SceneCoordinator.swift in Sources */,
				4CE037E52438CB0B0093E39D /* SceneCoordinatorType.swift in Sources */,
				4CE037DA2438C9330093E39D /* ViewModelBindableType.swift in Sources */,
				4269388424306B66007B60FD /* BaseViewController.swift in Sources */,
				4CE037DD2438CA590093E39D /* GotStorageType.swift in Sources */,
				4CE037DF2438CA780093E39D /* GotStorage.swift in Sources */,
				4269388024306B66007B60FD /* AppDelegate.swift in Sources */,
				4CE037E32438CAF20093E39D /* CommonViewModel.swift in Sources */,
				4CE037E72438CB310093E39D /* Scene.swift in Sources */,
				4CE037EE2438CD810093E39D /* MapViewModel.swift in Sources */,
			);
			runOnlyForDeploymentPostprocessing = 0;
		};
/* End PBXSourcesBuildPhase section */

/* Begin PBXVariantGroup section */
		4269388524306B66007B60FD /* Main.storyboard */ = {
			isa = PBXVariantGroup;
			children = (
				4269388624306B66007B60FD /* Base */,
			);
			name = Main.storyboard;
			sourceTree = "<group>";
		};
		4269388A24306B68007B60FD /* LaunchScreen.storyboard */ = {
			isa = PBXVariantGroup;
			children = (
				4269388B24306B68007B60FD /* Base */,
			);
			name = LaunchScreen.storyboard;
			sourceTree = "<group>";
		};
/* End PBXVariantGroup section */

/* Begin XCBuildConfiguration section */
		4269388E24306B68007B60FD /* Debug */ = {
			isa = XCBuildConfiguration;
			buildSettings = {
				ALWAYS_SEARCH_USER_PATHS = NO;
				CLANG_ANALYZER_NONNULL = YES;
				CLANG_ANALYZER_NUMBER_OBJECT_CONVERSION = YES_AGGRESSIVE;
				CLANG_CXX_LANGUAGE_STANDARD = "gnu++14";
				CLANG_CXX_LIBRARY = "libc++";
				CLANG_ENABLE_MODULES = YES;
				CLANG_ENABLE_OBJC_ARC = YES;
				CLANG_ENABLE_OBJC_WEAK = YES;
				CLANG_WARN_BLOCK_CAPTURE_AUTORELEASING = YES;
				CLANG_WARN_BOOL_CONVERSION = YES;
				CLANG_WARN_COMMA = YES;
				CLANG_WARN_CONSTANT_CONVERSION = YES;
				CLANG_WARN_DEPRECATED_OBJC_IMPLEMENTATIONS = YES;
				CLANG_WARN_DIRECT_OBJC_ISA_USAGE = YES_ERROR;
				CLANG_WARN_DOCUMENTATION_COMMENTS = YES;
				CLANG_WARN_EMPTY_BODY = YES;
				CLANG_WARN_ENUM_CONVERSION = YES;
				CLANG_WARN_INFINITE_RECURSION = YES;
				CLANG_WARN_INT_CONVERSION = YES;
				CLANG_WARN_NON_LITERAL_NULL_CONVERSION = YES;
				CLANG_WARN_OBJC_IMPLICIT_RETAIN_SELF = YES;
				CLANG_WARN_OBJC_LITERAL_CONVERSION = YES;
				CLANG_WARN_OBJC_ROOT_CLASS = YES_ERROR;
				CLANG_WARN_RANGE_LOOP_ANALYSIS = YES;
				CLANG_WARN_STRICT_PROTOTYPES = YES;
				CLANG_WARN_SUSPICIOUS_MOVE = YES;
				CLANG_WARN_UNGUARDED_AVAILABILITY = YES_AGGRESSIVE;
				CLANG_WARN_UNREACHABLE_CODE = YES;
				CLANG_WARN__DUPLICATE_METHOD_MATCH = YES;
				COPY_PHASE_STRIP = NO;
				DEBUG_INFORMATION_FORMAT = dwarf;
				ENABLE_STRICT_OBJC_MSGSEND = YES;
				ENABLE_TESTABILITY = YES;
				GCC_C_LANGUAGE_STANDARD = gnu11;
				GCC_DYNAMIC_NO_PIC = NO;
				GCC_NO_COMMON_BLOCKS = YES;
				GCC_OPTIMIZATION_LEVEL = 0;
				GCC_PREPROCESSOR_DEFINITIONS = (
					"DEBUG=1",
					"$(inherited)",
				);
				GCC_WARN_64_TO_32_BIT_CONVERSION = YES;
				GCC_WARN_ABOUT_RETURN_TYPE = YES_ERROR;
				GCC_WARN_UNDECLARED_SELECTOR = YES;
				GCC_WARN_UNINITIALIZED_AUTOS = YES_AGGRESSIVE;
				GCC_WARN_UNUSED_FUNCTION = YES;
				GCC_WARN_UNUSED_VARIABLE = YES;
				IPHONEOS_DEPLOYMENT_TARGET = 11.0;
				MTL_ENABLE_DEBUG_INFO = INCLUDE_SOURCE;
				MTL_FAST_MATH = YES;
				ONLY_ACTIVE_ARCH = YES;
				SDKROOT = iphoneos;
				SWIFT_ACTIVE_COMPILATION_CONDITIONS = DEBUG;
				SWIFT_OPTIMIZATION_LEVEL = "-Onone";
			};
			name = Debug;
		};
		4269388F24306B68007B60FD /* Release */ = {
			isa = XCBuildConfiguration;
			buildSettings = {
				ALWAYS_SEARCH_USER_PATHS = NO;
				CLANG_ANALYZER_NONNULL = YES;
				CLANG_ANALYZER_NUMBER_OBJECT_CONVERSION = YES_AGGRESSIVE;
				CLANG_CXX_LANGUAGE_STANDARD = "gnu++14";
				CLANG_CXX_LIBRARY = "libc++";
				CLANG_ENABLE_MODULES = YES;
				CLANG_ENABLE_OBJC_ARC = YES;
				CLANG_ENABLE_OBJC_WEAK = YES;
				CLANG_WARN_BLOCK_CAPTURE_AUTORELEASING = YES;
				CLANG_WARN_BOOL_CONVERSION = YES;
				CLANG_WARN_COMMA = YES;
				CLANG_WARN_CONSTANT_CONVERSION = YES;
				CLANG_WARN_DEPRECATED_OBJC_IMPLEMENTATIONS = YES;
				CLANG_WARN_DIRECT_OBJC_ISA_USAGE = YES_ERROR;
				CLANG_WARN_DOCUMENTATION_COMMENTS = YES;
				CLANG_WARN_EMPTY_BODY = YES;
				CLANG_WARN_ENUM_CONVERSION = YES;
				CLANG_WARN_INFINITE_RECURSION = YES;
				CLANG_WARN_INT_CONVERSION = YES;
				CLANG_WARN_NON_LITERAL_NULL_CONVERSION = YES;
				CLANG_WARN_OBJC_IMPLICIT_RETAIN_SELF = YES;
				CLANG_WARN_OBJC_LITERAL_CONVERSION = YES;
				CLANG_WARN_OBJC_ROOT_CLASS = YES_ERROR;
				CLANG_WARN_RANGE_LOOP_ANALYSIS = YES;
				CLANG_WARN_STRICT_PROTOTYPES = YES;
				CLANG_WARN_SUSPICIOUS_MOVE = YES;
				CLANG_WARN_UNGUARDED_AVAILABILITY = YES_AGGRESSIVE;
				CLANG_WARN_UNREACHABLE_CODE = YES;
				CLANG_WARN__DUPLICATE_METHOD_MATCH = YES;
				COPY_PHASE_STRIP = NO;
				DEBUG_INFORMATION_FORMAT = "dwarf-with-dsym";
				ENABLE_NS_ASSERTIONS = NO;
				ENABLE_STRICT_OBJC_MSGSEND = YES;
				GCC_C_LANGUAGE_STANDARD = gnu11;
				GCC_NO_COMMON_BLOCKS = YES;
				GCC_WARN_64_TO_32_BIT_CONVERSION = YES;
				GCC_WARN_ABOUT_RETURN_TYPE = YES_ERROR;
				GCC_WARN_UNDECLARED_SELECTOR = YES;
				GCC_WARN_UNINITIALIZED_AUTOS = YES_AGGRESSIVE;
				GCC_WARN_UNUSED_FUNCTION = YES;
				GCC_WARN_UNUSED_VARIABLE = YES;
				IPHONEOS_DEPLOYMENT_TARGET = 11.0;
				MTL_ENABLE_DEBUG_INFO = NO;
				MTL_FAST_MATH = YES;
				SDKROOT = iphoneos;
				SWIFT_COMPILATION_MODE = wholemodule;
				SWIFT_OPTIMIZATION_LEVEL = "-O";
				VALIDATE_PRODUCT = YES;
			};
			name = Release;
		};
		4269389124306B68007B60FD /* Debug */ = {
			isa = XCBuildConfiguration;
			baseConfigurationReference = 12F3319E806996FEAD031C42 /* Pods-GotGam.debug.xcconfig */;
			buildSettings = {
				ASSETCATALOG_COMPILER_APPICON_NAME = AppIcon;
				CLANG_ENABLE_OBJC_ARC = NO;
				CODE_SIGN_STYLE = Automatic;
				DEVELOPMENT_TEAM = 97C96KP84G;
				FRAMEWORK_SEARCH_PATHS = (
					"$(inherited)",
					"$(PROJECT_DIR)/GotGam/Supporting\\ Files",
				);
				INFOPLIST_FILE = "GotGam/Supporting Files/Info.plist";
				LD_RUNPATH_SEARCH_PATHS = (
					"$(inherited)",
					"@executable_path/Frameworks",
				);
				PRODUCT_BUNDLE_IDENTIFIER = kr.co.yapp.ios1.GotGam;
				PRODUCT_NAME = "$(TARGET_NAME)";
				SWIFT_OBJC_BRIDGING_HEADER = "$(inherited)$(PROJECT_DIR)/GotGam/Supporting Files/Bridging_Header.h";
				SWIFT_VERSION = 5.0;
				TARGETED_DEVICE_FAMILY = "1,2";
			};
			name = Debug;
		};
		4269389224306B68007B60FD /* Release */ = {
			isa = XCBuildConfiguration;
			baseConfigurationReference = C70114836B2FC2821FD2E0CE /* Pods-GotGam.release.xcconfig */;
			buildSettings = {
				ASSETCATALOG_COMPILER_APPICON_NAME = AppIcon;
				CLANG_ENABLE_OBJC_ARC = NO;
				CODE_SIGN_STYLE = Automatic;
				DEVELOPMENT_TEAM = 97C96KP84G;
				FRAMEWORK_SEARCH_PATHS = (
					"$(inherited)",
					"$(PROJECT_DIR)/GotGam/Supporting\\ Files",
				);
				INFOPLIST_FILE = "GotGam/Supporting Files/Info.plist";
				LD_RUNPATH_SEARCH_PATHS = (
					"$(inherited)",
					"@executable_path/Frameworks",
				);
				PRODUCT_BUNDLE_IDENTIFIER = kr.co.yapp.ios1.GotGam;
				PRODUCT_NAME = "$(TARGET_NAME)";
				SWIFT_OBJC_BRIDGING_HEADER = "$(inherited)$(PROJECT_DIR)/GotGam/Supporting Files/Bridging_Header.h";
				SWIFT_VERSION = 5.0;
				TARGETED_DEVICE_FAMILY = "1,2";
			};
			name = Release;
		};
/* End XCBuildConfiguration section */

/* Begin XCConfigurationList section */
		4269387724306B66007B60FD /* Build configuration list for PBXProject "GotGam" */ = {
			isa = XCConfigurationList;
			buildConfigurations = (
				4269388E24306B68007B60FD /* Debug */,
				4269388F24306B68007B60FD /* Release */,
			);
			defaultConfigurationIsVisible = 0;
			defaultConfigurationName = Release;
		};
		4269389024306B68007B60FD /* Build configuration list for PBXNativeTarget "GotGam" */ = {
			isa = XCConfigurationList;
			buildConfigurations = (
				4269389124306B68007B60FD /* Debug */,
				4269389224306B68007B60FD /* Release */,
			);
			defaultConfigurationIsVisible = 0;
			defaultConfigurationName = Release;
		};
/* End XCConfigurationList section */
	};
	rootObject = 4269387424306B66007B60FD /* Project object */;
}
